// !$*UTF8*$!
{
	archiveVersion = 1;
	classes = {
	};
	objectVersion = 50;
	objects = {

/* Begin PBXBuildFile section */
		1180146F2D44397002AB1F65 /* Pods_Spotify_LBTA.framework in Frameworks */ = {isa = PBXBuildFile; fileRef = F1E3F8D21D31434348011997 /* Pods_Spotify_LBTA.framework */; };
		AC5B6B1D26BD1CDB00529F3C /* SettingsModel.swift in Sources */ = {isa = PBXBuildFile; fileRef = AC5B6B1C26BD1CDB00529F3C /* SettingsModel.swift */; };
		ACFA6B9126BBBC5200C3FCE7 /* AppDelegate.swift in Sources */ = {isa = PBXBuildFile; fileRef = ACFA6B9026BBBC5200C3FCE7 /* AppDelegate.swift */; };
		ACFA6B9326BBBC5200C3FCE7 /* SceneDelegate.swift in Sources */ = {isa = PBXBuildFile; fileRef = ACFA6B9226BBBC5200C3FCE7 /* SceneDelegate.swift */; };
		ACFA6B9526BBBC5200C3FCE7 /* HomeViewController.swift in Sources */ = {isa = PBXBuildFile; fileRef = ACFA6B9426BBBC5200C3FCE7 /* HomeViewController.swift */; };
		ACFA6B9A26BBBC5300C3FCE7 /* Assets.xcassets in Resources */ = {isa = PBXBuildFile; fileRef = ACFA6B9926BBBC5300C3FCE7 /* Assets.xcassets */; };
		ACFA6B9D26BBBC5300C3FCE7 /* LaunchScreen.storyboard in Resources */ = {isa = PBXBuildFile; fileRef = ACFA6B9B26BBBC5300C3FCE7 /* LaunchScreen.storyboard */; };
		ACFA6BAB26BBC21600C3FCE7 /* TabBarViewController.swift in Sources */ = {isa = PBXBuildFile; fileRef = ACFA6BAA26BBC21600C3FCE7 /* TabBarViewController.swift */; };
		ACFA6BAD26BBC22400C3FCE7 /* SearchViewController.swift in Sources */ = {isa = PBXBuildFile; fileRef = ACFA6BAC26BBC22400C3FCE7 /* SearchViewController.swift */; };
		ACFA6BAF26BBC23800C3FCE7 /* LibraryViewController.swift in Sources */ = {isa = PBXBuildFile; fileRef = ACFA6BAE26BBC23800C3FCE7 /* LibraryViewController.swift */; };
		ACFA6BB326BBC2FF00C3FCE7 /* AuthViewController.swift in Sources */ = {isa = PBXBuildFile; fileRef = ACFA6BB226BBC2FF00C3FCE7 /* AuthViewController.swift */; };
		ACFA6BB526BBC30800C3FCE7 /* SettingsViewController.swift in Sources */ = {isa = PBXBuildFile; fileRef = ACFA6BB426BBC30800C3FCE7 /* SettingsViewController.swift */; };
		ACFA6BB726BBC32200C3FCE7 /* WelcomeViewController.swift in Sources */ = {isa = PBXBuildFile; fileRef = ACFA6BB626BBC32200C3FCE7 /* WelcomeViewController.swift */; };
		ACFA6BB926BBC32E00C3FCE7 /* ProfileViewController.swift in Sources */ = {isa = PBXBuildFile; fileRef = ACFA6BB826BBC32E00C3FCE7 /* ProfileViewController.swift */; };
		ACFA6BBB26BBC33500C3FCE7 /* PlayerViewController.swift in Sources */ = {isa = PBXBuildFile; fileRef = ACFA6BBA26BBC33500C3FCE7 /* PlayerViewController.swift */; };
		ACFA6BBD26BBC34600C3FCE7 /* PlaylistViewController.swift in Sources */ = {isa = PBXBuildFile; fileRef = ACFA6BBC26BBC34600C3FCE7 /* PlaylistViewController.swift */; };
		ACFA6BBF26BBC37500C3FCE7 /* SearchResultViewController.swift in Sources */ = {isa = PBXBuildFile; fileRef = ACFA6BBE26BBC37500C3FCE7 /* SearchResultViewController.swift */; };
		ACFA6BC126BBC3E400C3FCE7 /* AuthManager.swift in Sources */ = {isa = PBXBuildFile; fileRef = ACFA6BC026BBC3E400C3FCE7 /* AuthManager.swift */; };
		ACFA6BC326BBC3EE00C3FCE7 /* APICaller.swift in Sources */ = {isa = PBXBuildFile; fileRef = ACFA6BC226BBC3EE00C3FCE7 /* APICaller.swift */; };
		ACFA6BC526BBC3F900C3FCE7 /* HapticsManager.swift in Sources */ = {isa = PBXBuildFile; fileRef = ACFA6BC426BBC3F900C3FCE7 /* HapticsManager.swift */; };
		ACFA6BC726BBC45400C3FCE7 /* Artist.swift in Sources */ = {isa = PBXBuildFile; fileRef = ACFA6BC626BBC45400C3FCE7 /* Artist.swift */; };
		ACFA6BC926BBC46000C3FCE7 /* AudioTrack.swift in Sources */ = {isa = PBXBuildFile; fileRef = ACFA6BC826BBC46000C3FCE7 /* AudioTrack.swift */; };
		ACFA6BCB26BBC46D00C3FCE7 /* Playlist.swift in Sources */ = {isa = PBXBuildFile; fileRef = ACFA6BCA26BBC46D00C3FCE7 /* Playlist.swift */; };
		ACFA6BCD26BBC47A00C3FCE7 /* UserProfile.swift in Sources */ = {isa = PBXBuildFile; fileRef = ACFA6BCC26BBC47A00C3FCE7 /* UserProfile.swift */; };
		ACFA6BCF26BBD83900C3FCE7 /* Extension.swift in Sources */ = {isa = PBXBuildFile; fileRef = ACFA6BCE26BBD83900C3FCE7 /* Extension.swift */; };
		ACFA6BD126BBFDA800C3FCE7 /* AuthResponse.swift in Sources */ = {isa = PBXBuildFile; fileRef = ACFA6BD026BBFDA800C3FCE7 /* AuthResponse.swift */; };
/* End PBXBuildFile section */

/* Begin PBXFileReference section */
		5C14F4675C067E89D87BD1F4 /* Pods-Spotify_LBTA.release.xcconfig */ = {isa = PBXFileReference; includeInIndex = 1; lastKnownFileType = text.xcconfig; name = "Pods-Spotify_LBTA.release.xcconfig"; path = "Target Support Files/Pods-Spotify_LBTA/Pods-Spotify_LBTA.release.xcconfig"; sourceTree = "<group>"; };
		AC5B6B1C26BD1CDB00529F3C /* SettingsModel.swift */ = {isa = PBXFileReference; lastKnownFileType = sourcecode.swift; path = SettingsModel.swift; sourceTree = "<group>"; };
		ACFA6B8D26BBBC5200C3FCE7 /* Spotify_LBTA.app */ = {isa = PBXFileReference; explicitFileType = wrapper.application; includeInIndex = 0; path = Spotify_LBTA.app; sourceTree = BUILT_PRODUCTS_DIR; };
		ACFA6B9026BBBC5200C3FCE7 /* AppDelegate.swift */ = {isa = PBXFileReference; lastKnownFileType = sourcecode.swift; path = AppDelegate.swift; sourceTree = "<group>"; };
		ACFA6B9226BBBC5200C3FCE7 /* SceneDelegate.swift */ = {isa = PBXFileReference; lastKnownFileType = sourcecode.swift; path = SceneDelegate.swift; sourceTree = "<group>"; };
		ACFA6B9426BBBC5200C3FCE7 /* HomeViewController.swift */ = {isa = PBXFileReference; lastKnownFileType = sourcecode.swift; path = HomeViewController.swift; sourceTree = "<group>"; };
		ACFA6B9926BBBC5300C3FCE7 /* Assets.xcassets */ = {isa = PBXFileReference; lastKnownFileType = folder.assetcatalog; path = Assets.xcassets; sourceTree = "<group>"; };
		ACFA6B9C26BBBC5300C3FCE7 /* Base */ = {isa = PBXFileReference; lastKnownFileType = file.storyboard; name = Base; path = Base.lproj/LaunchScreen.storyboard; sourceTree = "<group>"; };
		ACFA6B9E26BBBC5300C3FCE7 /* Info.plist */ = {isa = PBXFileReference; lastKnownFileType = text.plist.xml; path = Info.plist; sourceTree = "<group>"; };
		ACFA6BAA26BBC21600C3FCE7 /* TabBarViewController.swift */ = {isa = PBXFileReference; lastKnownFileType = sourcecode.swift; path = TabBarViewController.swift; sourceTree = "<group>"; };
		ACFA6BAC26BBC22400C3FCE7 /* SearchViewController.swift */ = {isa = PBXFileReference; lastKnownFileType = sourcecode.swift; path = SearchViewController.swift; sourceTree = "<group>"; };
		ACFA6BAE26BBC23800C3FCE7 /* LibraryViewController.swift */ = {isa = PBXFileReference; lastKnownFileType = sourcecode.swift; path = LibraryViewController.swift; sourceTree = "<group>"; };
		ACFA6BB226BBC2FF00C3FCE7 /* AuthViewController.swift */ = {isa = PBXFileReference; lastKnownFileType = sourcecode.swift; path = AuthViewController.swift; sourceTree = "<group>"; };
		ACFA6BB426BBC30800C3FCE7 /* SettingsViewController.swift */ = {isa = PBXFileReference; lastKnownFileType = sourcecode.swift; path = SettingsViewController.swift; sourceTree = "<group>"; };
		ACFA6BB626BBC32200C3FCE7 /* WelcomeViewController.swift */ = {isa = PBXFileReference; lastKnownFileType = sourcecode.swift; path = WelcomeViewController.swift; sourceTree = "<group>"; };
		ACFA6BB826BBC32E00C3FCE7 /* ProfileViewController.swift */ = {isa = PBXFileReference; lastKnownFileType = sourcecode.swift; path = ProfileViewController.swift; sourceTree = "<group>"; };
		ACFA6BBA26BBC33500C3FCE7 /* PlayerViewController.swift */ = {isa = PBXFileReference; lastKnownFileType = sourcecode.swift; path = PlayerViewController.swift; sourceTree = "<group>"; };
		ACFA6BBC26BBC34600C3FCE7 /* PlaylistViewController.swift */ = {isa = PBXFileReference; lastKnownFileType = sourcecode.swift; path = PlaylistViewController.swift; sourceTree = "<group>"; };
		ACFA6BBE26BBC37500C3FCE7 /* SearchResultViewController.swift */ = {isa = PBXFileReference; lastKnownFileType = sourcecode.swift; path = SearchResultViewController.swift; sourceTree = "<group>"; };
		ACFA6BC026BBC3E400C3FCE7 /* AuthManager.swift */ = {isa = PBXFileReference; lastKnownFileType = sourcecode.swift; path = AuthManager.swift; sourceTree = "<group>"; };
		ACFA6BC226BBC3EE00C3FCE7 /* APICaller.swift */ = {isa = PBXFileReference; lastKnownFileType = sourcecode.swift; path = APICaller.swift; sourceTree = "<group>"; };
		ACFA6BC426BBC3F900C3FCE7 /* HapticsManager.swift */ = {isa = PBXFileReference; lastKnownFileType = sourcecode.swift; path = HapticsManager.swift; sourceTree = "<group>"; };
		ACFA6BC626BBC45400C3FCE7 /* Artist.swift */ = {isa = PBXFileReference; lastKnownFileType = sourcecode.swift; path = Artist.swift; sourceTree = "<group>"; };
		ACFA6BC826BBC46000C3FCE7 /* AudioTrack.swift */ = {isa = PBXFileReference; lastKnownFileType = sourcecode.swift; path = AudioTrack.swift; sourceTree = "<group>"; };
		ACFA6BCA26BBC46D00C3FCE7 /* Playlist.swift */ = {isa = PBXFileReference; lastKnownFileType = sourcecode.swift; path = Playlist.swift; sourceTree = "<group>"; };
		ACFA6BCC26BBC47A00C3FCE7 /* UserProfile.swift */ = {isa = PBXFileReference; lastKnownFileType = sourcecode.swift; path = UserProfile.swift; sourceTree = "<group>"; };
		ACFA6BCE26BBD83900C3FCE7 /* Extension.swift */ = {isa = PBXFileReference; lastKnownFileType = sourcecode.swift; path = Extension.swift; sourceTree = "<group>"; };
		ACFA6BD026BBFDA800C3FCE7 /* AuthResponse.swift */ = {isa = PBXFileReference; lastKnownFileType = sourcecode.swift; path = AuthResponse.swift; sourceTree = "<group>"; };
		B02782C651AFA4FA6ED7E2D2 /* Pods-Spotify_LBTA.debug.xcconfig */ = {isa = PBXFileReference; includeInIndex = 1; lastKnownFileType = text.xcconfig; name = "Pods-Spotify_LBTA.debug.xcconfig"; path = "Target Support Files/Pods-Spotify_LBTA/Pods-Spotify_LBTA.debug.xcconfig"; sourceTree = "<group>"; };
		F1E3F8D21D31434348011997 /* Pods_Spotify_LBTA.framework */ = {isa = PBXFileReference; explicitFileType = wrapper.framework; includeInIndex = 0; path = Pods_Spotify_LBTA.framework; sourceTree = BUILT_PRODUCTS_DIR; };
/* End PBXFileReference section */

/* Begin PBXFrameworksBuildPhase section */
		ACFA6B8A26BBBC5200C3FCE7 /* Frameworks */ = {
			isa = PBXFrameworksBuildPhase;
			buildActionMask = 2147483647;
			files = (
				1180146F2D44397002AB1F65 /* Pods_Spotify_LBTA.framework in Frameworks */,
			);
			runOnlyForDeploymentPostprocessing = 0;
		};
/* End PBXFrameworksBuildPhase section */

/* Begin PBXGroup section */
		392902752F8B54336D261809 /* Pods */ = {
			isa = PBXGroup;
			children = (
				B02782C651AFA4FA6ED7E2D2 /* Pods-Spotify_LBTA.debug.xcconfig */,
				5C14F4675C067E89D87BD1F4 /* Pods-Spotify_LBTA.release.xcconfig */,
			);
			name = Pods;
			path = Pods;
			sourceTree = "<group>";
		};
		7DC76DEE7FCEAB49FC9F3E9D /* Frameworks */ = {
			isa = PBXGroup;
			children = (
				F1E3F8D21D31434348011997 /* Pods_Spotify_LBTA.framework */,
			);
			name = Frameworks;
			sourceTree = "<group>";
		};
		ACFA6B8426BBBC5200C3FCE7 = {
			isa = PBXGroup;
			children = (
				ACFA6B8F26BBBC5200C3FCE7 /* Spotify_LBTA */,
				ACFA6B8E26BBBC5200C3FCE7 /* Products */,
				392902752F8B54336D261809 /* Pods */,
				7DC76DEE7FCEAB49FC9F3E9D /* Frameworks */,
			);
			sourceTree = "<group>";
		};
		ACFA6B8E26BBBC5200C3FCE7 /* Products */ = {
			isa = PBXGroup;
			children = (
				ACFA6B8D26BBBC5200C3FCE7 /* Spotify_LBTA.app */,
			);
			name = Products;
			sourceTree = "<group>";
		};
		ACFA6B8F26BBBC5200C3FCE7 /* Spotify_LBTA */ = {
			isa = PBXGroup;
			children = (
				ACFA6BA726BBBE3A00C3FCE7 /* Controllers */,
				ACFA6BA626BBBE3400C3FCE7 /* Views */,
				ACFA6BA526BBBE2C00C3FCE7 /* ViewModels */,
				ACFA6BA426BBBE2400C3FCE7 /* Models */,
				ACFA6BA926BBBE5300C3FCE7 /* Managers */,
				ACFA6BA826BBBE4500C3FCE7 /* Resourses */,
				ACFA6B9E26BBBC5300C3FCE7 /* Info.plist */,
			);
			path = Spotify_LBTA;
			sourceTree = "<group>";
		};
		ACFA6BA426BBBE2400C3FCE7 /* Models */ = {
			isa = PBXGroup;
			children = (
				ACFA6BC626BBC45400C3FCE7 /* Artist.swift */,
				ACFA6BC826BBC46000C3FCE7 /* AudioTrack.swift */,
				ACFA6BCA26BBC46D00C3FCE7 /* Playlist.swift */,
				ACFA6BCC26BBC47A00C3FCE7 /* UserProfile.swift */,
				ACFA6BD026BBFDA800C3FCE7 /* AuthResponse.swift */,
				AC5B6B1C26BD1CDB00529F3C /* SettingsModel.swift */,
			);
			path = Models;
			sourceTree = "<group>";
		};
		ACFA6BA526BBBE2C00C3FCE7 /* ViewModels */ = {
			isa = PBXGroup;
			children = (
			);
			path = ViewModels;
			sourceTree = "<group>";
		};
		ACFA6BA626BBBE3400C3FCE7 /* Views */ = {
			isa = PBXGroup;
			children = (
				ACFA6B9B26BBBC5300C3FCE7 /* LaunchScreen.storyboard */,
			);
			path = Views;
			sourceTree = "<group>";
		};
		ACFA6BA726BBBE3A00C3FCE7 /* Controllers */ = {
			isa = PBXGroup;
			children = (
				ACFA6BB126BBC2EF00C3FCE7 /* Other */,
				ACFA6BB026BBC25A00C3FCE7 /* Core */,
			);
			path = Controllers;
			sourceTree = "<group>";
		};
		ACFA6BA826BBBE4500C3FCE7 /* Resourses */ = {
			isa = PBXGroup;
			children = (
				ACFA6B9026BBBC5200C3FCE7 /* AppDelegate.swift */,
				ACFA6B9226BBBC5200C3FCE7 /* SceneDelegate.swift */,
				ACFA6B9926BBBC5300C3FCE7 /* Assets.xcassets */,
				ACFA6BCE26BBD83900C3FCE7 /* Extension.swift */,
			);
			path = Resourses;
			sourceTree = "<group>";
		};
		ACFA6BA926BBBE5300C3FCE7 /* Managers */ = {
			isa = PBXGroup;
			children = (
				ACFA6BC226BBC3EE00C3FCE7 /* APICaller.swift */,
				ACFA6BC026BBC3E400C3FCE7 /* AuthManager.swift */,
				ACFA6BC426BBC3F900C3FCE7 /* HapticsManager.swift */,
			);
			path = Managers;
			sourceTree = "<group>";
		};
		ACFA6BB026BBC25A00C3FCE7 /* Core */ = {
			isa = PBXGroup;
			children = (
				ACFA6B9426BBBC5200C3FCE7 /* HomeViewController.swift */,
				ACFA6BAE26BBC23800C3FCE7 /* LibraryViewController.swift */,
				ACFA6BAC26BBC22400C3FCE7 /* SearchViewController.swift */,
				ACFA6BAA26BBC21600C3FCE7 /* TabBarViewController.swift */,
			);
			path = Core;
			sourceTree = "<group>";
		};
		ACFA6BB126BBC2EF00C3FCE7 /* Other */ = {
			isa = PBXGroup;
			children = (
				ACFA6BB226BBC2FF00C3FCE7 /* AuthViewController.swift */,
				ACFA6BBA26BBC33500C3FCE7 /* PlayerViewController.swift */,
				ACFA6BBC26BBC34600C3FCE7 /* PlaylistViewController.swift */,
				ACFA6BB826BBC32E00C3FCE7 /* ProfileViewController.swift */,
				ACFA6BBE26BBC37500C3FCE7 /* SearchResultViewController.swift */,
				ACFA6BB426BBC30800C3FCE7 /* SettingsViewController.swift */,
				ACFA6BB626BBC32200C3FCE7 /* WelcomeViewController.swift */,
			);
			path = Other;
			sourceTree = "<group>";
		};
/* End PBXGroup section */

/* Begin PBXNativeTarget section */
		ACFA6B8C26BBBC5200C3FCE7 /* Spotify_LBTA */ = {
			isa = PBXNativeTarget;
			buildConfigurationList = ACFA6BA126BBBC5300C3FCE7 /* Build configuration list for PBXNativeTarget "Spotify_LBTA" */;
			buildPhases = (
				EAC56F66181AF6AD93E551A5 /* [CP] Check Pods Manifest.lock */,
				ACFA6B8926BBBC5200C3FCE7 /* Sources */,
				ACFA6B8A26BBBC5200C3FCE7 /* Frameworks */,
				ACFA6B8B26BBBC5200C3FCE7 /* Resources */,
				4DA631AD2C5D7A4D142D508C /* [CP] Embed Pods Frameworks */,
			);
			buildRules = (
			);
			dependencies = (
			);
			name = Spotify_LBTA;
			productName = Spotify_LBTA;
			productReference = ACFA6B8D26BBBC5200C3FCE7 /* Spotify_LBTA.app */;
			productType = "com.apple.product-type.application";
		};
/* End PBXNativeTarget section */

/* Begin PBXProject section */
		ACFA6B8526BBBC5200C3FCE7 /* Project object */ = {
			isa = PBXProject;
			attributes = {
				LastSwiftUpdateCheck = 1250;
				LastUpgradeCheck = 1250;
				TargetAttributes = {
					ACFA6B8C26BBBC5200C3FCE7 = {
						CreatedOnToolsVersion = 12.5.1;
					};
				};
			};
			buildConfigurationList = ACFA6B8826BBBC5200C3FCE7 /* Build configuration list for PBXProject "Spotify_LBTA" */;
			compatibilityVersion = "Xcode 9.3";
			developmentRegion = en;
			hasScannedForEncodings = 0;
			knownRegions = (
				en,
				Base,
			);
			mainGroup = ACFA6B8426BBBC5200C3FCE7;
			productRefGroup = ACFA6B8E26BBBC5200C3FCE7 /* Products */;
			projectDirPath = "";
			projectRoot = "";
			targets = (
				ACFA6B8C26BBBC5200C3FCE7 /* Spotify_LBTA */,
			);
		};
/* End PBXProject section */

/* Begin PBXResourcesBuildPhase section */
		ACFA6B8B26BBBC5200C3FCE7 /* Resources */ = {
			isa = PBXResourcesBuildPhase;
			buildActionMask = 2147483647;
			files = (
				ACFA6B9D26BBBC5300C3FCE7 /* LaunchScreen.storyboard in Resources */,
				ACFA6B9A26BBBC5300C3FCE7 /* Assets.xcassets in Resources */,
			);
			runOnlyForDeploymentPostprocessing = 0;
		};
/* End PBXResourcesBuildPhase section */

/* Begin PBXShellScriptBuildPhase section */
		4DA631AD2C5D7A4D142D508C /* [CP] Embed Pods Frameworks */ = {
			isa = PBXShellScriptBuildPhase;
			buildActionMask = 2147483647;
			files = (
			);
			inputFileListPaths = (
				"${PODS_ROOT}/Target Support Files/Pods-Spotify_LBTA/Pods-Spotify_LBTA-frameworks-${CONFIGURATION}-input-files.xcfilelist",
			);
			name = "[CP] Embed Pods Frameworks";
			outputFileListPaths = (
				"${PODS_ROOT}/Target Support Files/Pods-Spotify_LBTA/Pods-Spotify_LBTA-frameworks-${CONFIGURATION}-output-files.xcfilelist",
			);
			runOnlyForDeploymentPostprocessing = 0;
			shellPath = /bin/sh;
			shellScript = "\"${PODS_ROOT}/Target Support Files/Pods-Spotify_LBTA/Pods-Spotify_LBTA-frameworks.sh\"\n";
			showEnvVarsInLog = 0;
		};
		EAC56F66181AF6AD93E551A5 /* [CP] Check Pods Manifest.lock */ = {
			isa = PBXShellScriptBuildPhase;
			buildActionMask = 2147483647;
			files = (
			);
			inputFileListPaths = (
			);
			inputPaths = (
				"${PODS_PODFILE_DIR_PATH}/Podfile.lock",
				"${PODS_ROOT}/Manifest.lock",
			);
			name = "[CP] Check Pods Manifest.lock";
			outputFileListPaths = (
			);
			outputPaths = (
				"$(DERIVED_FILE_DIR)/Pods-Spotify_LBTA-checkManifestLockResult.txt",
			);
			runOnlyForDeploymentPostprocessing = 0;
			shellPath = /bin/sh;
			shellScript = "diff \"${PODS_PODFILE_DIR_PATH}/Podfile.lock\" \"${PODS_ROOT}/Manifest.lock\" > /dev/null\nif [ $? != 0 ] ; then\n    # print error to STDERR\n    echo \"error: The sandbox is not in sync with the Podfile.lock. Run 'pod install' or update your CocoaPods installation.\" >&2\n    exit 1\nfi\n# This output is used by Xcode 'outputs' to avoid re-running this script phase.\necho \"SUCCESS\" > \"${SCRIPT_OUTPUT_FILE_0}\"\n";
			showEnvVarsInLog = 0;
		};
/* End PBXShellScriptBuildPhase section */

/* Begin PBXSourcesBuildPhase section */
		ACFA6B8926BBBC5200C3FCE7 /* Sources */ = {
			isa = PBXSourcesBuildPhase;
			buildActionMask = 2147483647;
			files = (
				ACFA6BB726BBC32200C3FCE7 /* WelcomeViewController.swift in Sources */,
				ACFA6BC126BBC3E400C3FCE7 /* AuthManager.swift in Sources */,
				ACFA6BAD26BBC22400C3FCE7 /* SearchViewController.swift in Sources */,
				ACFA6BB926BBC32E00C3FCE7 /* ProfileViewController.swift in Sources */,
				ACFA6BCB26BBC46D00C3FCE7 /* Playlist.swift in Sources */,
				ACFA6BAB26BBC21600C3FCE7 /* TabBarViewController.swift in Sources */,
				ACFA6B9526BBBC5200C3FCE7 /* HomeViewController.swift in Sources */,
				ACFA6BC526BBC3F900C3FCE7 /* HapticsManager.swift in Sources */,
				ACFA6BD126BBFDA800C3FCE7 /* AuthResponse.swift in Sources */,
				ACFA6BB326BBC2FF00C3FCE7 /* AuthViewController.swift in Sources */,
				ACFA6BCF26BBD83900C3FCE7 /* Extension.swift in Sources */,
				ACFA6BC926BBC46000C3FCE7 /* AudioTrack.swift in Sources */,
				AC5B6B1D26BD1CDB00529F3C /* SettingsModel.swift in Sources */,
				ACFA6B9126BBBC5200C3FCE7 /* AppDelegate.swift in Sources */,
				ACFA6BAF26BBC23800C3FCE7 /* LibraryViewController.swift in Sources */,
				ACFA6BCD26BBC47A00C3FCE7 /* UserProfile.swift in Sources */,
				ACFA6BBD26BBC34600C3FCE7 /* PlaylistViewController.swift in Sources */,
				ACFA6B9326BBBC5200C3FCE7 /* SceneDelegate.swift in Sources */,
				ACFA6BBB26BBC33500C3FCE7 /* PlayerViewController.swift in Sources */,
				ACFA6BBF26BBC37500C3FCE7 /* SearchResultViewController.swift in Sources */,
				ACFA6BC726BBC45400C3FCE7 /* Artist.swift in Sources */,
				ACFA6BC326BBC3EE00C3FCE7 /* APICaller.swift in Sources */,
				ACFA6BB526BBC30800C3FCE7 /* SettingsViewController.swift in Sources */,
			);
			runOnlyForDeploymentPostprocessing = 0;
		};
/* End PBXSourcesBuildPhase section */

/* Begin PBXVariantGroup section */
		ACFA6B9B26BBBC5300C3FCE7 /* LaunchScreen.storyboard */ = {
			isa = PBXVariantGroup;
			children = (
				ACFA6B9C26BBBC5300C3FCE7 /* Base */,
			);
			name = LaunchScreen.storyboard;
			sourceTree = "<group>";
		};
/* End PBXVariantGroup section */

/* Begin XCBuildConfiguration section */
		ACFA6B9F26BBBC5300C3FCE7 /* Debug */ = {
			isa = XCBuildConfiguration;
			buildSettings = {
				ALWAYS_SEARCH_USER_PATHS = NO;
				CLANG_ANALYZER_NONNULL = YES;
				CLANG_ANALYZER_NUMBER_OBJECT_CONVERSION = YES_AGGRESSIVE;
				CLANG_CXX_LANGUAGE_STANDARD = "gnu++14";
				CLANG_CXX_LIBRARY = "libc++";
				CLANG_ENABLE_MODULES = YES;
				CLANG_ENABLE_OBJC_ARC = YES;
				CLANG_ENABLE_OBJC_WEAK = YES;
				CLANG_WARN_BLOCK_CAPTURE_AUTORELEASING = YES;
				CLANG_WARN_BOOL_CONVERSION = YES;
				CLANG_WARN_COMMA = YES;
				CLANG_WARN_CONSTANT_CONVERSION = YES;
				CLANG_WARN_DEPRECATED_OBJC_IMPLEMENTATIONS = YES;
				CLANG_WARN_DIRECT_OBJC_ISA_USAGE = YES_ERROR;
				CLANG_WARN_DOCUMENTATION_COMMENTS = YES;
				CLANG_WARN_EMPTY_BODY = YES;
				CLANG_WARN_ENUM_CONVERSION = YES;
				CLANG_WARN_INFINITE_RECURSION = YES;
				CLANG_WARN_INT_CONVERSION = YES;
				CLANG_WARN_NON_LITERAL_NULL_CONVERSION = YES;
				CLANG_WARN_OBJC_IMPLICIT_RETAIN_SELF = YES;
				CLANG_WARN_OBJC_LITERAL_CONVERSION = YES;
				CLANG_WARN_OBJC_ROOT_CLASS = YES_ERROR;
				CLANG_WARN_QUOTED_INCLUDE_IN_FRAMEWORK_HEADER = YES;
				CLANG_WARN_RANGE_LOOP_ANALYSIS = YES;
				CLANG_WARN_STRICT_PROTOTYPES = YES;
				CLANG_WARN_SUSPICIOUS_MOVE = YES;
				CLANG_WARN_UNGUARDED_AVAILABILITY = YES_AGGRESSIVE;
				CLANG_WARN_UNREACHABLE_CODE = YES;
				CLANG_WARN__DUPLICATE_METHOD_MATCH = YES;
				COPY_PHASE_STRIP = NO;
				DEBUG_INFORMATION_FORMAT = dwarf;
				ENABLE_STRICT_OBJC_MSGSEND = YES;
				ENABLE_TESTABILITY = YES;
				GCC_C_LANGUAGE_STANDARD = gnu11;
				GCC_DYNAMIC_NO_PIC = NO;
				GCC_NO_COMMON_BLOCKS = YES;
				GCC_OPTIMIZATION_LEVEL = 0;
				GCC_PREPROCESSOR_DEFINITIONS = (
					"DEBUG=1",
					"$(inherited)",
				);
				GCC_WARN_64_TO_32_BIT_CONVERSION = YES;
				GCC_WARN_ABOUT_RETURN_TYPE = YES_ERROR;
				GCC_WARN_UNDECLARED_SELECTOR = YES;
				GCC_WARN_UNINITIALIZED_AUTOS = YES_AGGRESSIVE;
				GCC_WARN_UNUSED_FUNCTION = YES;
				GCC_WARN_UNUSED_VARIABLE = YES;
				IPHONEOS_DEPLOYMENT_TARGET = 14.5;
				MTL_ENABLE_DEBUG_INFO = INCLUDE_SOURCE;
				MTL_FAST_MATH = YES;
				ONLY_ACTIVE_ARCH = YES;
				SDKROOT = iphoneos;
				SWIFT_ACTIVE_COMPILATION_CONDITIONS = DEBUG;
				SWIFT_OPTIMIZATION_LEVEL = "-Onone";
			};
			name = Debug;
		};
		ACFA6BA026BBBC5300C3FCE7 /* Release */ = {
			isa = XCBuildConfiguration;
			buildSettings = {
				ALWAYS_SEARCH_USER_PATHS = NO;
				CLANG_ANALYZER_NONNULL = YES;
				CLANG_ANALYZER_NUMBER_OBJECT_CONVERSION = YES_AGGRESSIVE;
				CLANG_CXX_LANGUAGE_STANDARD = "gnu++14";
				CLANG_CXX_LIBRARY = "libc++";
				CLANG_ENABLE_MODULES = YES;
				CLANG_ENABLE_OBJC_ARC = YES;
				CLANG_ENABLE_OBJC_WEAK = YES;
				CLANG_WARN_BLOCK_CAPTURE_AUTORELEASING = YES;
				CLANG_WARN_BOOL_CONVERSION = YES;
				CLANG_WARN_COMMA = YES;
				CLANG_WARN_CONSTANT_CONVERSION = YES;
				CLANG_WARN_DEPRECATED_OBJC_IMPLEMENTATIONS = YES;
				CLANG_WARN_DIRECT_OBJC_ISA_USAGE = YES_ERROR;
				CLANG_WARN_DOCUMENTATION_COMMENTS = YES;
				CLANG_WARN_EMPTY_BODY = YES;
				CLANG_WARN_ENUM_CONVERSION = YES;
				CLANG_WARN_INFINITE_RECURSION = YES;
				CLANG_WARN_INT_CONVERSION = YES;
				CLANG_WARN_NON_LITERAL_NULL_CONVERSION = YES;
				CLANG_WARN_OBJC_IMPLICIT_RETAIN_SELF = YES;
				CLANG_WARN_OBJC_LITERAL_CONVERSION = YES;
				CLANG_WARN_OBJC_ROOT_CLASS = YES_ERROR;
				CLANG_WARN_QUOTED_INCLUDE_IN_FRAMEWORK_HEADER = YES;
				CLANG_WARN_RANGE_LOOP_ANALYSIS = YES;
				CLANG_WARN_STRICT_PROTOTYPES = YES;
				CLANG_WARN_SUSPICIOUS_MOVE = YES;
				CLANG_WARN_UNGUARDED_AVAILABILITY = YES_AGGRESSIVE;
				CLANG_WARN_UNREACHABLE_CODE = YES;
				CLANG_WARN__DUPLICATE_METHOD_MATCH = YES;
				COPY_PHASE_STRIP = NO;
				DEBUG_INFORMATION_FORMAT = "dwarf-with-dsym";
				ENABLE_NS_ASSERTIONS = NO;
				ENABLE_STRICT_OBJC_MSGSEND = YES;
				GCC_C_LANGUAGE_STANDARD = gnu11;
				GCC_NO_COMMON_BLOCKS = YES;
				GCC_WARN_64_TO_32_BIT_CONVERSION = YES;
				GCC_WARN_ABOUT_RETURN_TYPE = YES_ERROR;
				GCC_WARN_UNDECLARED_SELECTOR = YES;
				GCC_WARN_UNINITIALIZED_AUTOS = YES_AGGRESSIVE;
				GCC_WARN_UNUSED_FUNCTION = YES;
				GCC_WARN_UNUSED_VARIABLE = YES;
				IPHONEOS_DEPLOYMENT_TARGET = 14.5;
				MTL_ENABLE_DEBUG_INFO = NO;
				MTL_FAST_MATH = YES;
				SDKROOT = iphoneos;
				SWIFT_COMPILATION_MODE = wholemodule;
				SWIFT_OPTIMIZATION_LEVEL = "-O";
				VALIDATE_PRODUCT = YES;
			};
			name = Release;
		};
		ACFA6BA226BBBC5300C3FCE7 /* Debug */ = {
			isa = XCBuildConfiguration;
			baseConfigurationReference = B02782C651AFA4FA6ED7E2D2 /* Pods-Spotify_LBTA.debug.xcconfig */;
			buildSettings = {
				ASSETCATALOG_COMPILER_APPICON_NAME = AppIcon;
				ASSETCATALOG_COMPILER_GLOBAL_ACCENT_COLOR_NAME = AccentColor;
				CODE_SIGN_STYLE = Automatic;
				DEVELOPMENT_TEAM = R4XB56HC9M;
				INFOPLIST_FILE = Spotify_LBTA/Info.plist;
				LD_RUNPATH_SEARCH_PATHS = (
					"$(inherited)",
					"@executable_path/Frameworks",
				);
				PRODUCT_BUNDLE_IDENTIFIER = "iMaxiOS.Spotify-LBTA";
				PRODUCT_NAME = "$(TARGET_NAME)";
				SWIFT_VERSION = 5.0;
				TARGETED_DEVICE_FAMILY = "1,2";
			};
			name = Debug;
		};
		ACFA6BA326BBBC5300C3FCE7 /* Release */ = {
			isa = XCBuildConfiguration;
			baseConfigurationReference = 5C14F4675C067E89D87BD1F4 /* Pods-Spotify_LBTA.release.xcconfig */;
			buildSettings = {
				ASSETCATALOG_COMPILER_APPICON_NAME = AppIcon;
				ASSETCATALOG_COMPILER_GLOBAL_ACCENT_COLOR_NAME = AccentColor;
				CODE_SIGN_STYLE = Automatic;
				DEVELOPMENT_TEAM = R4XB56HC9M;
				INFOPLIST_FILE = Spotify_LBTA/Info.plist;
				LD_RUNPATH_SEARCH_PATHS = (
					"$(inherited)",
					"@executable_path/Frameworks",
				);
				PRODUCT_BUNDLE_IDENTIFIER = "iMaxiOS.Spotify-LBTA";
				PRODUCT_NAME = "$(TARGET_NAME)";
				SWIFT_VERSION = 5.0;
				TARGETED_DEVICE_FAMILY = "1,2";
			};
			name = Release;
		};
/* End XCBuildConfiguration section */

/* Begin XCConfigurationList section */
		ACFA6B8826BBBC5200C3FCE7 /* Build configuration list for PBXProject "Spotify_LBTA" */ = {
			isa = XCConfigurationList;
			buildConfigurations = (
				ACFA6B9F26BBBC5300C3FCE7 /* Debug */,
				ACFA6BA026BBBC5300C3FCE7 /* Release */,
			);
			defaultConfigurationIsVisible = 0;
			defaultConfigurationName = Release;
		};
		ACFA6BA126BBBC5300C3FCE7 /* Build configuration list for PBXNativeTarget "Spotify_LBTA" */ = {
			isa = XCConfigurationList;
			buildConfigurations = (
				ACFA6BA226BBBC5300C3FCE7 /* Debug */,
				ACFA6BA326BBBC5300C3FCE7 /* Release */,
			);
			defaultConfigurationIsVisible = 0;
			defaultConfigurationName = Release;
		};
/* End XCConfigurationList section */
	};
	rootObject = ACFA6B8526BBBC5200C3FCE7 /* Project object */;
}
